
Microsoft Visual Studio Solution File, Format Version 12.00
# Visual Studio 15
VisualStudioVersion = 15.0.28010.0
MinimumVisualStudioVersion = 10.0.40219.1
Project("{FAE04EC0-301F-11D3-BF4B-00C04F79EFBC}") = "ComputerNetworks", "ComputerNetworks\ComputerNetworks.csproj", "{330779F2-42CE-46BE-8E1B-00C5A202425B}"
EndProject
Project("{FAE04EC0-301F-11D3-BF4B-00C04F79EFBC}") = "BlockWebsites", "BlockWebsites\BlockWebsites.csproj", "{DCB6B69B-FAB2-4B8D-8AAF-883570624942}"
EndProject
Global
	GlobalSection(SolutionConfigurationPlatforms) = preSolution
		Debug|Any CPU = Debug|Any CPU
		Release|Any CPU = Release|Any CPU
	EndGlobalSection
	GlobalSection(ProjectConfigurationPlatforms) = postSolution
		{330779F2-42CE-46BE-8E1B-00C5A202425B}.Debug|Any CPU.ActiveCfg = Debug|Any CPU
		{330779F2-42CE-46BE-8E1B-00C5A202425B}.Debug|Any CPU.Build.0 = Debug|Any CPU
		{330779F2-42CE-46BE-8E1B-00C5A202425B}.Release|Any CPU.ActiveCfg = Release|Any CPU
		{330779F2-42CE-46BE-8E1B-00C5A202425B}.Release|Any CPU.Build.0 = Release|Any CPU
		{DCB6B69B-FAB2-4B8D-8AAF-883570624942}.Debug|Any CPU.ActiveCfg = Debug|Any CPU
		{DCB6B69B-FAB2-4B8D-8AAF-883570624942}.Debug|Any CPU.Build.0 = Debug|Any CPU
		{DCB6B69B-FAB2-4B8D-8AAF-883570624942}.Release|Any CPU.ActiveCfg = Release|Any CPU
		{DCB6B69B-FAB2-4B8D-8AAF-883570624942}.Release|Any CPU.Build.0 = Release|Any CPU
	EndGlobalSection
	GlobalSection(SolutionProperties) = preSolution
		HideSolutionNode = FALSE
	EndGlobalSection
	GlobalSection(ExtensibilityGlobals) = postSolution
		SolutionGuid = {60BFE9E4-D682-41EA-AEFE-3AEF174A3D48}
	EndGlobalSection
EndGlobal
